// !$*UTF8*$!
{
	archiveVersion = 1;
	classes = {
	};
	objectVersion = 46;
	objects = {

/* Begin PBXBuildFile section */
		812132AA22FA22DD244F8748 /* libPods-BingSearcher.a in Frameworks */ = {isa = PBXBuildFile; fileRef = F63F39C4B89167538B528619 /* libPods-BingSearcher.a */; };
		FD453BCB1CA18D8C0034DCF8 /* main.m in Sources */ = {isa = PBXBuildFile; fileRef = FD453BCA1CA18D8C0034DCF8 /* main.m */; };
		FD453BCE1CA18D8C0034DCF8 /* AppDelegate.m in Sources */ = {isa = PBXBuildFile; fileRef = FD453BCD1CA18D8C0034DCF8 /* AppDelegate.m */; };
		FD453BD11CA18D8C0034DCF8 /* ViewController.m in Sources */ = {isa = PBXBuildFile; fileRef = FD453BD01CA18D8C0034DCF8 /* ViewController.m */; };
		FD453BD41CA18D8C0034DCF8 /* Main.storyboard in Resources */ = {isa = PBXBuildFile; fileRef = FD453BD21CA18D8C0034DCF8 /* Main.storyboard */; };
		FD453BD61CA18D8C0034DCF8 /* Assets.xcassets in Resources */ = {isa = PBXBuildFile; fileRef = FD453BD51CA18D8C0034DCF8 /* Assets.xcassets */; };
		FD453BD91CA18D8C0034DCF8 /* LaunchScreen.storyboard in Resources */ = {isa = PBXBuildFile; fileRef = FD453BD71CA18D8C0034DCF8 /* LaunchScreen.storyboard */; };
		FD453BE21CA18E110034DCF8 /* BingItem.m in Sources */ = {isa = PBXBuildFile; fileRef = FD453BE11CA18E110034DCF8 /* BingItem.m */; };
		FD453BE51CA190040034DCF8 /* DetailViewController.m in Sources */ = {isa = PBXBuildFile; fileRef = FD453BE41CA190040034DCF8 /* DetailViewController.m */; };
/* End PBXBuildFile section */

/* Begin PBXFileReference section */
		8C3C776FA6FC9ACE0E741266 /* Pods-BingSearcher.release.xcconfig */ = {isa = PBXFileReference; includeInIndex = 1; lastKnownFileType = text.xcconfig; name = "Pods-BingSearcher.release.xcconfig"; path = "Pods/Target Support Files/Pods-BingSearcher/Pods-BingSearcher.release.xcconfig"; sourceTree = "<group>"; };
		CB03DE63FAEDE987D77FAB8E /* Pods-BingSearcher.debug.xcconfig */ = {isa = PBXFileReference; includeInIndex = 1; lastKnownFileType = text.xcconfig; name = "Pods-BingSearcher.debug.xcconfig"; path = "Pods/Target Support Files/Pods-BingSearcher/Pods-BingSearcher.debug.xcconfig"; sourceTree = "<group>"; };
		F63F39C4B89167538B528619 /* libPods-BingSearcher.a */ = {isa = PBXFileReference; explicitFileType = archive.ar; includeInIndex = 0; path = "libPods-BingSearcher.a"; sourceTree = BUILT_PRODUCTS_DIR; };
		FD453BC61CA18D8C0034DCF8 /* BingSearcher.app */ = {isa = PBXFileReference; explicitFileType = wrapper.application; includeInIndex = 0; path = BingSearcher.app; sourceTree = BUILT_PRODUCTS_DIR; };
		FD453BCA1CA18D8C0034DCF8 /* main.m */ = {isa = PBXFileReference; lastKnownFileType = sourcecode.c.objc; path = main.m; sourceTree = "<group>"; };
		FD453BCC1CA18D8C0034DCF8 /* AppDelegate.h */ = {isa = PBXFileReference; lastKnownFileType = sourcecode.c.h; path = AppDelegate.h; sourceTree = "<group>"; };
		FD453BCD1CA18D8C0034DCF8 /* AppDelegate.m */ = {isa = PBXFileReference; lastKnownFileType = sourcecode.c.objc; path = AppDelegate.m; sourceTree = "<group>"; };
		FD453BCF1CA18D8C0034DCF8 /* ViewController.h */ = {isa = PBXFileReference; lastKnownFileType = sourcecode.c.h; path = ViewController.h; sourceTree = "<group>"; };
		FD453BD01CA18D8C0034DCF8 /* ViewController.m */ = {isa = PBXFileReference; lastKnownFileType = sourcecode.c.objc; path = ViewController.m; sourceTree = "<group>"; };
		FD453BD31CA18D8C0034DCF8 /* Base */ = {isa = PBXFileReference; lastKnownFileType = file.storyboard; name = Base; path = Base.lproj/Main.storyboard; sourceTree = "<group>"; };
		FD453BD51CA18D8C0034DCF8 /* Assets.xcassets */ = {isa = PBXFileReference; lastKnownFileType = folder.assetcatalog; path = Assets.xcassets; sourceTree = "<group>"; };
		FD453BD81CA18D8C0034DCF8 /* Base */ = {isa = PBXFileReference; lastKnownFileType = file.storyboard; name = Base; path = Base.lproj/LaunchScreen.storyboard; sourceTree = "<group>"; };
		FD453BDA1CA18D8C0034DCF8 /* Info.plist */ = {isa = PBXFileReference; lastKnownFileType = text.plist.xml; path = Info.plist; sourceTree = "<group>"; };
		FD453BE01CA18E110034DCF8 /* BingItem.h */ = {isa = PBXFileReference; fileEncoding = 4; lastKnownFileType = sourcecode.c.h; path = BingItem.h; sourceTree = "<group>"; };
		FD453BE11CA18E110034DCF8 /* BingItem.m */ = {isa = PBXFileReference; fileEncoding = 4; lastKnownFileType = sourcecode.c.objc; path = BingItem.m; sourceTree = "<group>"; };
		FD453BE31CA190040034DCF8 /* DetailViewController.h */ = {isa = PBXFileReference; fileEncoding = 4; lastKnownFileType = sourcecode.c.h; path = DetailViewController.h; sourceTree = "<group>"; };
		FD453BE41CA190040034DCF8 /* DetailViewController.m */ = {isa = PBXFileReference; fileEncoding = 4; lastKnownFileType = sourcecode.c.objc; path = DetailViewController.m; sourceTree = "<group>"; };
/* End PBXFileReference section */

/* Begin PBXFrameworksBuildPhase section */
		FD453BC31CA18D8C0034DCF8 /* Frameworks */ = {
			isa = PBXFrameworksBuildPhase;
			buildActionMask = 2147483647;
			files = (
				812132AA22FA22DD244F8748 /* libPods-BingSearcher.a in Frameworks */,
			);
			runOnlyForDeploymentPostprocessing = 0;
		};
/* End PBXFrameworksBuildPhase section */

/* Begin PBXGroup section */
		7B5BC7DF98676661FF668614 /* Pods */ = {
			isa = PBXGroup;
			children = (
				CB03DE63FAEDE987D77FAB8E /* Pods-BingSearcher.debug.xcconfig */,
				8C3C776FA6FC9ACE0E741266 /* Pods-BingSearcher.release.xcconfig */,
			);
			name = Pods;
			sourceTree = "<group>";
		};
		F0076985AB0F9EC9CE991B25 /* Frameworks */ = {
			isa = PBXGroup;
			children = (
				F63F39C4B89167538B528619 /* libPods-BingSearcher.a */,
			);
			name = Frameworks;
			sourceTree = "<group>";
		};
		FD453BBD1CA18D8C0034DCF8 = {
			isa = PBXGroup;
			children = (
				FD453BC81CA18D8C0034DCF8 /* BingSearcher */,
				FD453BC71CA18D8C0034DCF8 /* Products */,
				7B5BC7DF98676661FF668614 /* Pods */,
				F0076985AB0F9EC9CE991B25 /* Frameworks */,
			);
			sourceTree = "<group>";
		};
		FD453BC71CA18D8C0034DCF8 /* Products */ = {
			isa = PBXGroup;
			children = (
				FD453BC61CA18D8C0034DCF8 /* BingSearcher.app */,
			);
			name = Products;
			sourceTree = "<group>";
		};
		FD453BC81CA18D8C0034DCF8 /* BingSearcher */ = {
			isa = PBXGroup;
			children = (
				FD453BCC1CA18D8C0034DCF8 /* AppDelegate.h */,
				FD453BCD1CA18D8C0034DCF8 /* AppDelegate.m */,
				FD453BCF1CA18D8C0034DCF8 /* ViewController.h */,
				FD453BD01CA18D8C0034DCF8 /* ViewController.m */,
				FD453BE31CA190040034DCF8 /* DetailViewController.h */,
				FD453BE41CA190040034DCF8 /* DetailViewController.m */,
				FD453BE01CA18E110034DCF8 /* BingItem.h */,
				FD453BE11CA18E110034DCF8 /* BingItem.m */,
				FD453BD21CA18D8C0034DCF8 /* Main.storyboard */,
				FD453BD51CA18D8C0034DCF8 /* Assets.xcassets */,
				FD453BD71CA18D8C0034DCF8 /* LaunchScreen.storyboard */,
				FD453BDA1CA18D8C0034DCF8 /* Info.plist */,
				FD453BC91CA18D8C0034DCF8 /* Supporting Files */,
			);
			path = BingSearcher;
			sourceTree = "<group>";
		};
		FD453BC91CA18D8C0034DCF8 /* Supporting Files */ = {
			isa = PBXGroup;
			children = (
				FD453BCA1CA18D8C0034DCF8 /* main.m */,
			);
			name = "Supporting Files";
			sourceTree = "<group>";
		};
/* End PBXGroup section */

/* Begin PBXNativeTarget section */
		FD453BC51CA18D8C0034DCF8 /* BingSearcher */ = {
			isa = PBXNativeTarget;
			buildConfigurationList = FD453BDD1CA18D8C0034DCF8 /* Build configuration list for PBXNativeTarget "BingSearcher" */;
			buildPhases = (
				9C1DFA26520C964650E76401 /* Check Pods Manifest.lock */,
				FD453BC21CA18D8C0034DCF8 /* Sources */,
				FD453BC31CA18D8C0034DCF8 /* Frameworks */,
				FD453BC41CA18D8C0034DCF8 /* Resources */,
				B187227F627D7625B9E215A4 /* Embed Pods Frameworks */,
				CEA146D52E4D9DA563919BD9 /* Copy Pods Resources */,
			);
			buildRules = (
			);
			dependencies = (
			);
			name = BingSearcher;
			productName = BingSearcher;
			productReference = FD453BC61CA18D8C0034DCF8 /* BingSearcher.app */;
			productType = "com.apple.product-type.application";
		};
/* End PBXNativeTarget section */

/* Begin PBXProject section */
		FD453BBE1CA18D8C0034DCF8 /* Project object */ = {
			isa = PBXProject;
			attributes = {
				LastUpgradeCheck = 0720;
				ORGANIZATIONNAME = L9;
				TargetAttributes = {
					FD453BC51CA18D8C0034DCF8 = {
						CreatedOnToolsVersion = 7.2;
						DevelopmentTeam = VESU9R73S8;
					};
				};
			};
			buildConfigurationList = FD453BC11CA18D8C0034DCF8 /* Build configuration list for PBXProject "BingSearcher" */;
			compatibilityVersion = "Xcode 3.2";
			developmentRegion = English;
			hasScannedForEncodings = 0;
			knownRegions = (
				en,
				Base,
			);
			mainGroup = FD453BBD1CA18D8C0034DCF8;
			productRefGroup = FD453BC71CA18D8C0034DCF8 /* Products */;
			projectDirPath = "";
			projectRoot = "";
			targets = (
				FD453BC51CA18D8C0034DCF8 /* BingSearcher */,
			);
		};
/* End PBXProject section */

/* Begin PBXResourcesBuildPhase section */
		FD453BC41CA18D8C0034DCF8 /* Resources */ = {
			isa = PBXResourcesBuildPhase;
			buildActionMask = 2147483647;
			files = (
				FD453BD91CA18D8C0034DCF8 /* LaunchScreen.storyboard in Resources */,
				FD453BD61CA18D8C0034DCF8 /* Assets.xcassets in Resources */,
				FD453BD41CA18D8C0034DCF8 /* Main.storyboard in Resources */,
			);
			runOnlyForDeploymentPostprocessing = 0;
		};
/* End PBXResourcesBuildPhase section */

/* Begin PBXShellScriptBuildPhase section */
		9C1DFA26520C964650E76401 /* Check Pods Manifest.lock */ = {
			isa = PBXShellScriptBuildPhase;
			buildActionMask = 2147483647;
			files = (
			);
			inputPaths = (
			);
			name = "Check Pods Manifest.lock";
			outputPaths = (
			);
			runOnlyForDeploymentPostprocessing = 0;
			shellPath = /bin/sh;
			shellScript = "diff \"${PODS_ROOT}/../Podfile.lock\" \"${PODS_ROOT}/Manifest.lock\" > /dev/null\nif [[ $? != 0 ]] ; then\n    cat << EOM\nerror: The sandbox is not in sync with the Podfile.lock. Run 'pod install' or update your CocoaPods installation.\nEOM\n    exit 1\nfi\n";
			showEnvVarsInLog = 0;
		};
		B187227F627D7625B9E215A4 /* Embed Pods Frameworks */ = {
			isa = PBXShellScriptBuildPhase;
			buildActionMask = 2147483647;
			files = (
			);
			inputPaths = (
			);
			name = "Embed Pods Frameworks";
			outputPaths = (
			);
			runOnlyForDeploymentPostprocessing = 0;
			shellPath = /bin/sh;
			shellScript = "\"${SRCROOT}/Pods/Target Support Files/Pods-BingSearcher/Pods-BingSearcher-frameworks.sh\"\n";
			showEnvVarsInLog = 0;
		};
		CEA146D52E4D9DA563919BD9 /* Copy Pods Resources */ = {
			isa = PBXShellScriptBuildPhase;
			buildActionMask = 2147483647;
			files = (
			);
			inputPaths = (
			);
			name = "Copy Pods Resources";
			outputPaths = (
			);
			runOnlyForDeploymentPostprocessing = 0;
			shellPath = /bin/sh;
			shellScript = "\"${SRCROOT}/Pods/Target Support Files/Pods-BingSearcher/Pods-BingSearcher-resources.sh\"\n";
			showEnvVarsInLog = 0;
		};
/* End PBXShellScriptBuildPhase section */

/* Begin PBXSourcesBuildPhase section */
		FD453BC21CA18D8C0034DCF8 /* Sources */ = {
			isa = PBXSourcesBuildPhase;
			buildActionMask = 2147483647;
			files = (
				FD453BE51CA190040034DCF8 /* DetailViewController.m in Sources */,
				FD453BE21CA18E110034DCF8 /* BingItem.m in Sources */,
				FD453BD11CA18D8C0034DCF8 /* ViewController.m in Sources */,
				FD453BCE1CA18D8C0034DCF8 /* AppDelegate.m in Sources */,
				FD453BCB1CA18D8C0034DCF8 /* main.m in Sources */,
			);
			runOnlyForDeploymentPostprocessing = 0;
		};
/* End PBXSourcesBuildPhase section */

/* Begin PBXVariantGroup section */
		FD453BD21CA18D8C0034DCF8 /* Main.storyboard */ = {
			isa = PBXVariantGroup;
			children = (
				FD453BD31CA18D8C0034DCF8 /* Base */,
			);
			name = Main.storyboard;
			sourceTree = "<group>";
		};
		FD453BD71CA18D8C0034DCF8 /* LaunchScreen.storyboard */ = {
			isa = PBXVariantGroup;
			children = (
				FD453BD81CA18D8C0034DCF8 /* Base */,
			);
			name = LaunchScreen.storyboard;
			sourceTree = "<group>";
		};
/* End PBXVariantGroup section */

/* Begin XCBuildConfiguration section */
		FD453BDB1CA18D8C0034DCF8 /* Debug */ = {
			isa = XCBuildConfiguration;
			buildSettings = {
				ALWAYS_SEARCH_USER_PATHS = NO;
				CLANG_CXX_LANGUAGE_STANDARD = "gnu++0x";
				CLANG_CXX_LIBRARY = "libc++";
				CLANG_ENABLE_MODULES = YES;
				CLANG_ENABLE_OBJC_ARC = YES;
				CLANG_WARN_BOOL_CONVERSION = YES;
				CLANG_WARN_CONSTANT_CONVERSION = YES;
				CLANG_WARN_DIRECT_OBJC_ISA_USAGE = YES_ERROR;
				CLANG_WARN_EMPTY_BODY = YES;
				CLANG_WARN_ENUM_CONVERSION = YES;
				CLANG_WARN_INT_CONVERSION = YES;
				CLANG_WARN_OBJC_ROOT_CLASS = YES_ERROR;
				CLANG_WARN_UNREACHABLE_CODE = YES;
				CLANG_WARN__DUPLICATE_METHOD_MATCH = YES;
				"CODE_SIGN_IDENTITY[sdk=iphoneos*]" = "iPhone Developer";
				COPY_PHASE_STRIP = NO;
				DEBUG_INFORMATION_FORMAT = dwarf;
				ENABLE_STRICT_OBJC_MSGSEND = YES;
				ENABLE_TESTABILITY = YES;
				GCC_C_LANGUAGE_STANDARD = gnu99;
				GCC_DYNAMIC_NO_PIC = NO;
				GCC_NO_COMMON_BLOCKS = YES;
				GCC_OPTIMIZATION_LEVEL = 0;
				GCC_PREPROCESSOR_DEFINITIONS = (
					"DEBUG=1",
					"$(inherited)",
				);
				GCC_WARN_64_TO_32_BIT_CONVERSION = YES;
				GCC_WARN_ABOUT_RETURN_TYPE = YES_ERROR;
				GCC_WARN_UNDECLARED_SELECTOR = YES;
				GCC_WARN_UNINITIALIZED_AUTOS = YES_AGGRESSIVE;
				GCC_WARN_UNUSED_FUNCTION = YES;
				GCC_WARN_UNUSED_VARIABLE = YES;
				IPHONEOS_DEPLOYMENT_TARGET = 7.0;
				MTL_ENABLE_DEBUG_INFO = YES;
				ONLY_ACTIVE_ARCH = YES;
				SDKROOT = iphoneos;
				TARGETED_DEVICE_FAMILY = "1,2";
			};
			name = Debug;
		};
		FD453BDC1CA18D8C0034DCF8 /* Release */ = {
			isa = XCBuildConfiguration;
			buildSettings = {
				ALWAYS_SEARCH_USER_PATHS = NO;
				CLANG_CXX_LANGUAGE_STANDARD = "gnu++0x";
				CLANG_CXX_LIBRARY = "libc++";
				CLANG_ENABLE_MODULES = YES;
				CLANG_ENABLE_OBJC_ARC = YES;
				CLANG_WARN_BOOL_CONVERSION = YES;
				CLANG_WARN_CONSTANT_CONVERSION = YES;
				CLANG_WARN_DIRECT_OBJC_ISA_USAGE = YES_ERROR;
				CLANG_WARN_EMPTY_BODY = YES;
				CLANG_WARN_ENUM_CONVERSION = YES;
				CLANG_WARN_INT_CONVERSION = YES;
				CLANG_WARN_OBJC_ROOT_CLASS = YES_ERROR;
				CLANG_WARN_UNREACHABLE_CODE = YES;
				CLANG_WARN__DUPLICATE_METHOD_MATCH = YES;
				"CODE_SIGN_IDENTITY[sdk=iphoneos*]" = "iPhone Developer";
				COPY_PHASE_STRIP = NO;
				DEBUG_INFORMATION_FORMAT = "dwarf-with-dsym";
				ENABLE_NS_ASSERTIONS = NO;
				ENABLE_STRICT_OBJC_MSGSEND = YES;
				GCC_C_LANGUAGE_STANDARD = gnu99;
				GCC_NO_COMMON_BLOCKS = YES;
				GCC_WARN_64_TO_32_BIT_CONVERSION = YES;
				GCC_WARN_ABOUT_RETURN_TYPE = YES_ERROR;
				GCC_WARN_UNDECLARED_SELECTOR = YES;
				GCC_WARN_UNINITIALIZED_AUTOS = YES_AGGRESSIVE;
				GCC_WARN_UNUSED_FUNCTION = YES;
				GCC_WARN_UNUSED_VARIABLE = YES;
				IPHONEOS_DEPLOYMENT_TARGET = 7.0;
				MTL_ENABLE_DEBUG_INFO = NO;
				SDKROOT = iphoneos;
				TARGETED_DEVICE_FAMILY = "1,2";
				VALIDATE_PRODUCT = YES;
			};
			name = Release;
		};
		FD453BDE1CA18D8C0034DCF8 /* Debug */ = {
			isa = XCBuildConfiguration;
			baseConfigurationReference = CB03DE63FAEDE987D77FAB8E /* Pods-BingSearcher.debug.xcconfig */;
			buildSettings = {
				ASSETCATALOG_COMPILER_APPICON_NAME = AppIcon;
				INFOPLIST_FILE = BingSearcher/Info.plist;
				LD_RUNPATH_SEARCH_PATHS = "$(inherited) @executable_path/Frameworks";
				PRODUCT_BUNDLE_IDENTIFIER = com.l9.BingSearcher;
				PRODUCT_NAME = "$(TARGET_NAME)";
			};
			name = Debug;
		};
		FD453BDF1CA18D8C0034DCF8 /* Release */ = {
			isa = XCBuildConfiguration;
			baseConfigurationReference = 8C3C776FA6FC9ACE0E741266 /* Pods-BingSearcher.release.xcconfig */;
			buildSettings = {
				ASSETCATALOG_COMPILER_APPICON_NAME = AppIcon;
				INFOPLIST_FILE = BingSearcher/Info.plist;
				LD_RUNPATH_SEARCH_PATHS = "$(inherited) @executable_path/Frameworks";
				PRODUCT_BUNDLE_IDENTIFIER = com.l9.BingSearcher;
				PRODUCT_NAME = "$(TARGET_NAME)";
			};
			name = Release;
		};
/* End XCBuildConfiguration section */

/* Begin XCConfigurationList section */
		FD453BC11CA18D8C0034DCF8 /* Build configuration list for PBXProject "BingSearcher" */ = {
			isa = XCConfigurationList;
			buildConfigurations = (
				FD453BDB1CA18D8C0034DCF8 /* Debug */,
				FD453BDC1CA18D8C0034DCF8 /* Release */,
			);
			defaultConfigurationIsVisible = 0;
			defaultConfigurationName = Release;
		};
		FD453BDD1CA18D8C0034DCF8 /* Build configuration list for PBXNativeTarget "BingSearcher" */ = {
			isa = XCConfigurationList;
			buildConfigurations = (
				FD453BDE1CA18D8C0034DCF8 /* Debug */,
				FD453BDF1CA18D8C0034DCF8 /* Release */,
			);
			defaultConfigurationIsVisible = 0;
			defaultConfigurationName = Release;
		};
/* End XCConfigurationList section */
	};
	rootObject = FD453BBE1CA18D8C0034DCF8 /* Project object */;
}
